
Microsoft Visual Studio Solution File, Format Version 12.00
# Visual Studio Version 16
VisualStudioVersion = 16.0.30907.101
MinimumVisualStudioVersion = 10.0.40219.1
Project("{FAE04EC0-301F-11D3-BF4B-00C04F79EFBC}") = "ReqresAPITestsNetCore", "ReqresAPITestsNetCore.csproj", "{0A0E16E8-87C6-40F2-B4CD-12BABE0F9316}"
EndProject
Global
	GlobalSection(SolutionConfigurationPlatforms) = preSolution
		Debug|Any CPU = Debug|Any CPU
		Release|Any CPU = Release|Any CPU
	EndGlobalSection
	GlobalSection(ProjectConfigurationPlatforms) = postSolution
		{0A0E16E8-87C6-40F2-B4CD-12BABE0F9316}.Debug|Any CPU.ActiveCfg = Debug|Any CPU
		{0A0E16E8-87C6-40F2-B4CD-12BABE0F9316}.Debug|Any CPU.Build.0 = Debug|Any CPU
		{0A0E16E8-87C6-40F2-B4CD-12BABE0F9316}.Release|Any CPU.ActiveCfg = Release|Any CPU
		{0A0E16E8-87C6-40F2-B4CD-12BABE0F9316}.Release|Any CPU.Build.0 = Release|Any CPU
	EndGlobalSection
	GlobalSection(SolutionProperties) = preSolution
		HideSolutionNode = FALSE
	EndGlobalSection
	GlobalSection(ExtensibilityGlobals) = postSolution
		SolutionGuid = {0B9442A4-1616-4F93-8E01-EE05E3F5E4AB}
	EndGlobalSection
EndGlobal
